
Microsoft Visual Studio Solution File, Format Version 12.00
# Visual Studio 15
VisualStudioVersion = 15.0.27428.2037
MinimumVisualStudioVersion = 10.0.40219.1
Project("{9092AA53-FB77-4645-B42D-1CCCA6BD08BD}") = "weather-app", "weather-app.njsproj", "{B0797AEC-8BF2-4CC7-9C1E-50D4ED988EBA}"
EndProject
Global
	GlobalSection(SolutionConfigurationPlatforms) = preSolution
		Debug|Any CPU = Debug|Any CPU
		Release|Any CPU = Release|Any CPU
	EndGlobalSection
	GlobalSection(ProjectConfigurationPlatforms) = postSolution
		{B0797AEC-8BF2-4CC7-9C1E-50D4ED988EBA}.Debug|Any CPU.ActiveCfg = Debug|Any CPU
		{B0797AEC-8BF2-4CC7-9C1E-50D4ED988EBA}.Debug|Any CPU.Build.0 = Debug|Any CPU
		{B0797AEC-8BF2-4CC7-9C1E-50D4ED988EBA}.Release|Any CPU.ActiveCfg = Release|Any CPU
		{B0797AEC-8BF2-4CC7-9C1E-50D4ED988EBA}.Release|Any CPU.Build.0 = Release|Any CPU
	EndGlobalSection
	GlobalSection(SolutionProperties) = preSolution
		HideSolutionNode = FALSE
	EndGlobalSection
	GlobalSection(ExtensibilityGlobals) = postSolution
		SolutionGuid = {C9007028-C59C-4358-952F-C701B2848540}
	EndGlobalSection
EndGlobal
