
Microsoft Visual Studio Solution File, Format Version 12.00
# Visual Studio 15
VisualStudioVersion = 15.0.27428.2037
MinimumVisualStudioVersion = 10.0.40219.1
Project("{9092AA53-FB77-4645-B42D-1CCCA6BD08BD}") = "notes-nodev", "notes-nodev\notes-nodev.njsproj", "{3935FE0E-76FD-4D43-83D2-C040E29B05EA}"
EndProject
Global
	GlobalSection(SolutionConfigurationPlatforms) = preSolution
		Debug|Any CPU = Debug|Any CPU
		Release|Any CPU = Release|Any CPU
	EndGlobalSection
	GlobalSection(ProjectConfigurationPlatforms) = postSolution
		{3935FE0E-76FD-4D43-83D2-C040E29B05EA}.Debug|Any CPU.ActiveCfg = Debug|Any CPU
		{3935FE0E-76FD-4D43-83D2-C040E29B05EA}.Debug|Any CPU.Build.0 = Debug|Any CPU
		{3935FE0E-76FD-4D43-83D2-C040E29B05EA}.Release|Any CPU.ActiveCfg = Release|Any CPU
		{3935FE0E-76FD-4D43-83D2-C040E29B05EA}.Release|Any CPU.Build.0 = Release|Any CPU
	EndGlobalSection
	GlobalSection(SolutionProperties) = preSolution
		HideSolutionNode = FALSE
	EndGlobalSection
	GlobalSection(ExtensibilityGlobals) = postSolution
		SolutionGuid = {4FDC83EE-5E65-4EE7-9810-198DC8BE5D17}
	EndGlobalSection
EndGlobal
